
Microsoft Visual Studio Solution File, Format Version 12.00
# Visual Studio 15
VisualStudioVersion = 15.0.26124.0
MinimumVisualStudioVersion = 15.0.26124.0
Project("{FAE04EC0-301F-11D3-BF4B-00C04F79EFBC}") = "ConverterClient", "ConverterClient\ConverterClient.csproj", "{3D2243CF-BDC4-414C-9924-A8AFE84C8C60}"
EndProject
Project("{FAE04EC0-301F-11D3-BF4B-00C04F79EFBC}") = "ConverterLib", "ConverterLib\ConverterLib.csproj", "{52A4A323-E2DC-45A2-844B-AFCCEDC9F033}"
EndProject
Global
	GlobalSection(SolutionConfigurationPlatforms) = preSolution
		Debug|Any CPU = Debug|Any CPU
		Debug|x64 = Debug|x64
		Debug|x86 = Debug|x86
		Release|Any CPU = Release|Any CPU
		Release|x64 = Release|x64
		Release|x86 = Release|x86
	EndGlobalSection
	GlobalSection(SolutionProperties) = preSolution
		HideSolutionNode = FALSE
	EndGlobalSection
	GlobalSection(ProjectConfigurationPlatforms) = postSolution
		{3D2243CF-BDC4-414C-9924-A8AFE84C8C60}.Debug|Any CPU.ActiveCfg = Debug|Any CPU
		{3D2243CF-BDC4-414C-9924-A8AFE84C8C60}.Debug|Any CPU.Build.0 = Debug|Any CPU
		{3D2243CF-BDC4-414C-9924-A8AFE84C8C60}.Debug|x64.ActiveCfg = Debug|Any CPU
		{3D2243CF-BDC4-414C-9924-A8AFE84C8C60}.Debug|x64.Build.0 = Debug|Any CPU
		{3D2243CF-BDC4-414C-9924-A8AFE84C8C60}.Debug|x86.ActiveCfg = Debug|Any CPU
		{3D2243CF-BDC4-414C-9924-A8AFE84C8C60}.Debug|x86.Build.0 = Debug|Any CPU
		{3D2243CF-BDC4-414C-9924-A8AFE84C8C60}.Release|Any CPU.ActiveCfg = Release|Any CPU
		{3D2243CF-BDC4-414C-9924-A8AFE84C8C60}.Release|Any CPU.Build.0 = Release|Any CPU
		{3D2243CF-BDC4-414C-9924-A8AFE84C8C60}.Release|x64.ActiveCfg = Release|Any CPU
		{3D2243CF-BDC4-414C-9924-A8AFE84C8C60}.Release|x64.Build.0 = Release|Any CPU
		{3D2243CF-BDC4-414C-9924-A8AFE84C8C60}.Release|x86.ActiveCfg = Release|Any CPU
		{3D2243CF-BDC4-414C-9924-A8AFE84C8C60}.Release|x86.Build.0 = Release|Any CPU
		{52A4A323-E2DC-45A2-844B-AFCCEDC9F033}.Debug|Any CPU.ActiveCfg = Debug|Any CPU
		{52A4A323-E2DC-45A2-844B-AFCCEDC9F033}.Debug|Any CPU.Build.0 = Debug|Any CPU
		{52A4A323-E2DC-45A2-844B-AFCCEDC9F033}.Debug|x64.ActiveCfg = Debug|Any CPU
		{52A4A323-E2DC-45A2-844B-AFCCEDC9F033}.Debug|x64.Build.0 = Debug|Any CPU
		{52A4A323-E2DC-45A2-844B-AFCCEDC9F033}.Debug|x86.ActiveCfg = Debug|Any CPU
		{52A4A323-E2DC-45A2-844B-AFCCEDC9F033}.Debug|x86.Build.0 = Debug|Any CPU
		{52A4A323-E2DC-45A2-844B-AFCCEDC9F033}.Release|Any CPU.ActiveCfg = Release|Any CPU
		{52A4A323-E2DC-45A2-844B-AFCCEDC9F033}.Release|Any CPU.Build.0 = Release|Any CPU
		{52A4A323-E2DC-45A2-844B-AFCCEDC9F033}.Release|x64.ActiveCfg = Release|Any CPU
		{52A4A323-E2DC-45A2-844B-AFCCEDC9F033}.Release|x64.Build.0 = Release|Any CPU
		{52A4A323-E2DC-45A2-844B-AFCCEDC9F033}.Release|x86.ActiveCfg = Release|Any CPU
		{52A4A323-E2DC-45A2-844B-AFCCEDC9F033}.Release|x86.Build.0 = Release|Any CPU
	EndGlobalSection
EndGlobal
